
Microsoft Visual Studio Solution File, Format Version 12.00
# Visual Studio Version 17
VisualStudioVersion = 17.8.34511.84
MinimumVisualStudioVersion = 10.0.40219.1
Project("{FAE04EC0-301F-11D3-BF4B-00C04F79EFBC}") = "ArraysWithPointers", "ArraysWithPointers.csproj", "{55CD2F58-CA91-4E68-BF19-F62AD4B17B38}"
EndProject
Global
	GlobalSection(SolutionConfigurationPlatforms) = preSolution
		Debug|Any CPU = Debug|Any CPU
		Release|Any CPU = Release|Any CPU
	EndGlobalSection
	GlobalSection(ProjectConfigurationPlatforms) = postSolution
		{55CD2F58-CA91-4E68-BF19-F62AD4B17B38}.Debug|Any CPU.ActiveCfg = Debug|Any CPU
		{55CD2F58-CA91-4E68-BF19-F62AD4B17B38}.Debug|Any CPU.Build.0 = Debug|Any CPU
		{55CD2F58-CA91-4E68-BF19-F62AD4B17B38}.Release|Any CPU.ActiveCfg = Release|Any CPU
		{55CD2F58-CA91-4E68-BF19-F62AD4B17B38}.Release|Any CPU.Build.0 = Release|Any CPU
	EndGlobalSection
	GlobalSection(SolutionProperties) = preSolution
		HideSolutionNode = FALSE
	EndGlobalSection
	GlobalSection(ExtensibilityGlobals) = postSolution
		SolutionGuid = {F028C60C-4D24-4D11-9655-600B5AD58DE9}
	EndGlobalSection
EndGlobal
